{
  "name": "pet",
  "version": "1.0.0",
  "lockfileVersion": 3,
  "requires": true,
  "packages": {
    "": {
      "name": "pet",
      "version": "1.0.0",
      "license": "ISC",
      "dependencies": {
        "@vant/weapp": "^1.11.4",
        "lin-ui": "^0.9.13"
      }
    },
    "node_modules/@vant/weapp": {
      "version": "1.11.4",
      "resolved": "https://registry.npmmirror.com/@vant/weapp/-/weapp-1.11.4.tgz",
      "integrity": "sha512-egOsWO4hVMP1SQSqQ46jy8UD3WysvlnUecRzPM21Y3ovkOFZ6wlaO7oHQmTXRpwr+V41Qri1qEbtNjhVxFqdyw=="
    },
    "node_modules/lin-ui": {
      "version": "0.9.13",
      "resolved": "https://registry.npmmirror.com/lin-ui/-/lin-ui-0.9.13.tgz",
      "integrity": "sha512-RFRq1D+jCkhFzVCe/Y4C/NnWEK21ZiY961/HJR3mHmHmdq5IkrNBt/39WsUuWcDPty48WaY/3IipOPBBD+7ttw=="
    }
  }
}
